// !$*UTF8*$!
{
	archiveVersion = 1;
	classes = {
	};
	objectVersion = 46;
	objects = {

/* Begin PBXBuildFile section */
		84DE09C41ED69EB20095FA0A /* AppDelegate.swift in Sources */ = {isa = PBXBuildFile; fileRef = 84DE09C31ED69EB20095FA0A /* AppDelegate.swift */; };
		84DE09C91ED69EB20095FA0A /* Main.storyboard in Resources */ = {isa = PBXBuildFile; fileRef = 84DE09C71ED69EB20095FA0A /* Main.storyboard */; };
		84DE09CC1ED69EB20095FA0A /* VideoSearchDemo.xcdatamodeld in Sources */ = {isa = PBXBuildFile; fileRef = 84DE09CA1ED69EB20095FA0A /* VideoSearchDemo.xcdatamodeld */; };
		84DE09CE1ED69EB20095FA0A /* Assets.xcassets in Resources */ = {isa = PBXBuildFile; fileRef = 84DE09CD1ED69EB20095FA0A /* Assets.xcassets */; };
		84DE09D11ED69EB20095FA0A /* LaunchScreen.storyboard in Resources */ = {isa = PBXBuildFile; fileRef = 84DE09CF1ED69EB20095FA0A /* LaunchScreen.storyboard */; };
		84DE09DC1ED69EB30095FA0A /* VideoSearchDemoTests.swift in Sources */ = {isa = PBXBuildFile; fileRef = 84DE09DB1ED69EB30095FA0A /* VideoSearchDemoTests.swift */; };
		84DE09E71ED69EB30095FA0A /* VideoSearchDemoUITests.swift in Sources */ = {isa = PBXBuildFile; fileRef = 84DE09E61ED69EB30095FA0A /* VideoSearchDemoUITests.swift */; };
		84DE09F81ED69F650095FA0A /* VideoModel.swift in Sources */ = {isa = PBXBuildFile; fileRef = 84DE09F41ED69F650095FA0A /* VideoModel.swift */; };
		84DE09F91ED69F650095FA0A /* VideoSearchResultCell.swift in Sources */ = {isa = PBXBuildFile; fileRef = 84DE09F51ED69F650095FA0A /* VideoSearchResultCell.swift */; };
		84DE09FA1ED69F650095FA0A /* VideoSearchViewController.swift in Sources */ = {isa = PBXBuildFile; fileRef = 84DE09F61ED69F650095FA0A /* VideoSearchViewController.swift */; };
		84DE09FB1ED69F650095FA0A /* VideoViewModel.swift in Sources */ = {isa = PBXBuildFile; fileRef = 84DE09F71ED69F650095FA0A /* VideoViewModel.swift */; };
		84DE09FD1ED6BE020095FA0A /* MovieDBClient.swift in Sources */ = {isa = PBXBuildFile; fileRef = 84DE09FC1ED6BE020095FA0A /* MovieDBClient.swift */; };
		84DE09FF1ED6E8990095FA0A /* VideoDetailViewController.swift in Sources */ = {isa = PBXBuildFile; fileRef = 84DE09FE1ED6E8990095FA0A /* VideoDetailViewController.swift */; };
		84DE0A061ED7A3F00095FA0A /* Pods_VideoSearchDemo.framework in Frameworks */ = {isa = PBXBuildFile; fileRef = 84DE0A001ED7A3D70095FA0A /* Pods_VideoSearchDemo.framework */; };
		8B743A09E3B180676ACFF56A /* Pods_VideoSearchDemo.framework in Frameworks */ = {isa = PBXBuildFile; fileRef = 38034D303DAE140DEE088050 /* Pods_VideoSearchDemo.framework */; };
/* End PBXBuildFile section */

/* Begin PBXContainerItemProxy section */
		84DE09D81ED69EB30095FA0A /* PBXContainerItemProxy */ = {
			isa = PBXContainerItemProxy;
			containerPortal = 84DE09B81ED69EB20095FA0A /* Project object */;
			proxyType = 1;
			remoteGlobalIDString = 84DE09BF1ED69EB20095FA0A;
			remoteInfo = VideoSearchDemo;
		};
		84DE09E31ED69EB30095FA0A /* PBXContainerItemProxy */ = {
			isa = PBXContainerItemProxy;
			containerPortal = 84DE09B81ED69EB20095FA0A /* Project object */;
			proxyType = 1;
			remoteGlobalIDString = 84DE09BF1ED69EB20095FA0A;
			remoteInfo = VideoSearchDemo;
		};
/* End PBXContainerItemProxy section */

/* Begin PBXFileReference section */
		1AC8ADCF67E4A12324A7863A /* Pods-VideoSearchDemo.release.xcconfig */ = {isa = PBXFileReference; includeInIndex = 1; lastKnownFileType = text.xcconfig; name = "Pods-VideoSearchDemo.release.xcconfig"; path = "Pods/Target Support Files/Pods-VideoSearchDemo/Pods-VideoSearchDemo.release.xcconfig"; sourceTree = "<group>"; };
		38034D303DAE140DEE088050 /* Pods_VideoSearchDemo.framework */ = {isa = PBXFileReference; explicitFileType = wrapper.framework; includeInIndex = 0; path = Pods_VideoSearchDemo.framework; sourceTree = BUILT_PRODUCTS_DIR; };
		5AF723B8CB3A78781E1E71E6 /* Pods-VideoSearchDemo.debug.xcconfig */ = {isa = PBXFileReference; includeInIndex = 1; lastKnownFileType = text.xcconfig; name = "Pods-VideoSearchDemo.debug.xcconfig"; path = "Pods/Target Support Files/Pods-VideoSearchDemo/Pods-VideoSearchDemo.debug.xcconfig"; sourceTree = "<group>"; };
		84DE09C01ED69EB20095FA0A /* VideoSearchDemo.app */ = {isa = PBXFileReference; explicitFileType = wrapper.application; includeInIndex = 0; path = VideoSearchDemo.app; sourceTree = BUILT_PRODUCTS_DIR; };
		84DE09C31ED69EB20095FA0A /* AppDelegate.swift */ = {isa = PBXFileReference; lastKnownFileType = sourcecode.swift; path = AppDelegate.swift; sourceTree = "<group>"; };
		84DE09C81ED69EB20095FA0A /* Base */ = {isa = PBXFileReference; lastKnownFileType = file.storyboard; name = Base; path = Base.lproj/Main.storyboard; sourceTree = "<group>"; };
		84DE09CB1ED69EB20095FA0A /* VideoSearchDemo.xcdatamodel */ = {isa = PBXFileReference; lastKnownFileType = wrapper.xcdatamodel; path = VideoSearchDemo.xcdatamodel; sourceTree = "<group>"; };
		84DE09CD1ED69EB20095FA0A /* Assets.xcassets */ = {isa = PBXFileReference; lastKnownFileType = folder.assetcatalog; path = Assets.xcassets; sourceTree = "<group>"; };
		84DE09D01ED69EB20095FA0A /* Base */ = {isa = PBXFileReference; lastKnownFileType = file.storyboard; name = Base; path = Base.lproj/LaunchScreen.storyboard; sourceTree = "<group>"; };
		84DE09D21ED69EB20095FA0A /* Info.plist */ = {isa = PBXFileReference; lastKnownFileType = text.plist.xml; path = Info.plist; sourceTree = "<group>"; };
		84DE09D71ED69EB30095FA0A /* VideoSearchDemoTests.xctest */ = {isa = PBXFileReference; explicitFileType = wrapper.cfbundle; includeInIndex = 0; path = VideoSearchDemoTests.xctest; sourceTree = BUILT_PRODUCTS_DIR; };
		84DE09DB1ED69EB30095FA0A /* VideoSearchDemoTests.swift */ = {isa = PBXFileReference; lastKnownFileType = sourcecode.swift; path = VideoSearchDemoTests.swift; sourceTree = "<group>"; };
		84DE09DD1ED69EB30095FA0A /* Info.plist */ = {isa = PBXFileReference; lastKnownFileType = text.plist.xml; path = Info.plist; sourceTree = "<group>"; };
		84DE09E21ED69EB30095FA0A /* VideoSearchDemoUITests.xctest */ = {isa = PBXFileReference; explicitFileType = wrapper.cfbundle; includeInIndex = 0; path = VideoSearchDemoUITests.xctest; sourceTree = BUILT_PRODUCTS_DIR; };
		84DE09E61ED69EB30095FA0A /* VideoSearchDemoUITests.swift */ = {isa = PBXFileReference; lastKnownFileType = sourcecode.swift; path = VideoSearchDemoUITests.swift; sourceTree = "<group>"; };
		84DE09E81ED69EB30095FA0A /* Info.plist */ = {isa = PBXFileReference; lastKnownFileType = text.plist.xml; path = Info.plist; sourceTree = "<group>"; };
		84DE09F41ED69F650095FA0A /* VideoModel.swift */ = {isa = PBXFileReference; fileEncoding = 4; lastKnownFileType = sourcecode.swift; path = VideoModel.swift; sourceTree = "<group>"; };
		84DE09F51ED69F650095FA0A /* VideoSearchResultCell.swift */ = {isa = PBXFileReference; fileEncoding = 4; lastKnownFileType = sourcecode.swift; path = VideoSearchResultCell.swift; sourceTree = "<group>"; };
		84DE09F61ED69F650095FA0A /* VideoSearchViewController.swift */ = {isa = PBXFileReference; fileEncoding = 4; lastKnownFileType = sourcecode.swift; path = VideoSearchViewController.swift; sourceTree = "<group>"; };
		84DE09F71ED69F650095FA0A /* VideoViewModel.swift */ = {isa = PBXFileReference; fileEncoding = 4; lastKnownFileType = sourcecode.swift; path = VideoViewModel.swift; sourceTree = "<group>"; };
		84DE09FC1ED6BE020095FA0A /* MovieDBClient.swift */ = {isa = PBXFileReference; fileEncoding = 4; lastKnownFileType = sourcecode.swift; path = MovieDBClient.swift; sourceTree = "<group>"; };
		84DE09FE1ED6E8990095FA0A /* VideoDetailViewController.swift */ = {isa = PBXFileReference; fileEncoding = 4; lastKnownFileType = sourcecode.swift; path = VideoDetailViewController.swift; sourceTree = "<group>"; };
		84DE0A001ED7A3D70095FA0A /* Pods_VideoSearchDemo.framework */ = {isa = PBXFileReference; lastKnownFileType = wrapper.framework; name = Pods_VideoSearchDemo.framework; path = "../../../../../Library/Developer/Xcode/DerivedData/VideoSearchDemo-bipkbahbjighguhkbbgdkasotdmu/Build/Products/Debug-iphonesimulator/Pods_VideoSearchDemo.framework"; sourceTree = "<group>"; };
		84DE0A021ED7A3E30095FA0A /* Alamofire.framework */ = {isa = PBXFileReference; lastKnownFileType = wrapper.framework; name = Alamofire.framework; path = "../../../../../Library/Developer/Xcode/DerivedData/VideoSearchDemo-bipkbahbjighguhkbbgdkasotdmu/Build/Products/Debug-iphonesimulator/Alamofire/Alamofire.framework"; sourceTree = "<group>"; };
		84DE0A041ED7A3E60095FA0A /* AlamofireImage.framework */ = {isa = PBXFileReference; lastKnownFileType = wrapper.framework; name = AlamofireImage.framework; path = "../../../../../Library/Developer/Xcode/DerivedData/VideoSearchDemo-bipkbahbjighguhkbbgdkasotdmu/Build/Products/Debug-iphonesimulator/AlamofireImage/AlamofireImage.framework"; sourceTree = "<group>"; };
/* End PBXFileReference section */

/* Begin PBXFrameworksBuildPhase section */
		84DE09BD1ED69EB20095FA0A /* Frameworks */ = {
			isa = PBXFrameworksBuildPhase;
			buildActionMask = 2147483647;
			files = (
				84DE0A061ED7A3F00095FA0A /* Pods_VideoSearchDemo.framework in Frameworks */,
				8B743A09E3B180676ACFF56A /* Pods_VideoSearchDemo.framework in Frameworks */,
			);
			runOnlyForDeploymentPostprocessing = 0;
		};
		84DE09D41ED69EB30095FA0A /* Frameworks */ = {
			isa = PBXFrameworksBuildPhase;
			buildActionMask = 2147483647;
			files = (
			);
			runOnlyForDeploymentPostprocessing = 0;
		};
		84DE09DF1ED69EB30095FA0A /* Frameworks */ = {
			isa = PBXFrameworksBuildPhase;
			buildActionMask = 2147483647;
			files = (
			);
			runOnlyForDeploymentPostprocessing = 0;
		};
/* End PBXFrameworksBuildPhase section */

/* Begin PBXGroup section */
		0B87A62C3495B6DBE49EF997 /* Pods */ = {
			isa = PBXGroup;
			children = (
				5AF723B8CB3A78781E1E71E6 /* Pods-VideoSearchDemo.debug.xcconfig */,
				1AC8ADCF67E4A12324A7863A /* Pods-VideoSearchDemo.release.xcconfig */,
			);
			name = Pods;
			sourceTree = "<group>";
		};
		84DE09B71ED69EB20095FA0A = {
			isa = PBXGroup;
			children = (
				84DE09C21ED69EB20095FA0A /* VideoSearchDemo */,
				84DE09DA1ED69EB30095FA0A /* VideoSearchDemoTests */,
				84DE09E51ED69EB30095FA0A /* VideoSearchDemoUITests */,
				84DE09C11ED69EB20095FA0A /* Products */,
				0B87A62C3495B6DBE49EF997 /* Pods */,
				C524C22DDE17BBADDAC453CC /* Frameworks */,
			);
			sourceTree = "<group>";
		};
		84DE09C11ED69EB20095FA0A /* Products */ = {
			isa = PBXGroup;
			children = (
				84DE09C01ED69EB20095FA0A /* VideoSearchDemo.app */,
				84DE09D71ED69EB30095FA0A /* VideoSearchDemoTests.xctest */,
				84DE09E21ED69EB30095FA0A /* VideoSearchDemoUITests.xctest */,
			);
			name = Products;
			sourceTree = "<group>";
		};
		84DE09C21ED69EB20095FA0A /* VideoSearchDemo */ = {
			isa = PBXGroup;
			children = (
				84DE09FC1ED6BE020095FA0A /* MovieDBClient.swift */,
				84DE09F41ED69F650095FA0A /* VideoModel.swift */,
				84DE09F71ED69F650095FA0A /* VideoViewModel.swift */,
				84DE09F51ED69F650095FA0A /* VideoSearchResultCell.swift */,
				84DE09F61ED69F650095FA0A /* VideoSearchViewController.swift */,
				84DE09FE1ED6E8990095FA0A /* VideoDetailViewController.swift */,
				84DE09C31ED69EB20095FA0A /* AppDelegate.swift */,
				84DE09C71ED69EB20095FA0A /* Main.storyboard */,
				84DE09CD1ED69EB20095FA0A /* Assets.xcassets */,
				84DE09CF1ED69EB20095FA0A /* LaunchScreen.storyboard */,
				84DE09D21ED69EB20095FA0A /* Info.plist */,
				84DE09CA1ED69EB20095FA0A /* VideoSearchDemo.xcdatamodeld */,
			);
			path = VideoSearchDemo;
			sourceTree = "<group>";
		};
		84DE09DA1ED69EB30095FA0A /* VideoSearchDemoTests */ = {
			isa = PBXGroup;
			children = (
				84DE09DB1ED69EB30095FA0A /* VideoSearchDemoTests.swift */,
				84DE09DD1ED69EB30095FA0A /* Info.plist */,
			);
			path = VideoSearchDemoTests;
			sourceTree = "<group>";
		};
		84DE09E51ED69EB30095FA0A /* VideoSearchDemoUITests */ = {
			isa = PBXGroup;
			children = (
				84DE09E61ED69EB30095FA0A /* VideoSearchDemoUITests.swift */,
				84DE09E81ED69EB30095FA0A /* Info.plist */,
			);
			path = VideoSearchDemoUITests;
			sourceTree = "<group>";
		};
		C524C22DDE17BBADDAC453CC /* Frameworks */ = {
			isa = PBXGroup;
			children = (
				84DE0A041ED7A3E60095FA0A /* AlamofireImage.framework */,
				84DE0A021ED7A3E30095FA0A /* Alamofire.framework */,
				84DE0A001ED7A3D70095FA0A /* Pods_VideoSearchDemo.framework */,
				38034D303DAE140DEE088050 /* Pods_VideoSearchDemo.framework */,
			);
			name = Frameworks;
			sourceTree = "<group>";
		};
/* End PBXGroup section */

/* Begin PBXNativeTarget section */
		84DE09BF1ED69EB20095FA0A /* VideoSearchDemo */ = {
			isa = PBXNativeTarget;
			buildConfigurationList = 84DE09EB1ED69EB30095FA0A /* Build configuration list for PBXNativeTarget "VideoSearchDemo" */;
			buildPhases = (
				6365AAE92310D63298205820 /* [CP] Check Pods Manifest.lock */,
				84DE09BC1ED69EB20095FA0A /* Sources */,
				84DE09BD1ED69EB20095FA0A /* Frameworks */,
				84DE09BE1ED69EB20095FA0A /* Resources */,
				0A9955A211C2FFF405FABC80 /* [CP] Embed Pods Frameworks */,
				1A826AC08719597E6A084426 /* [CP] Copy Pods Resources */,
			);
			buildRules = (
			);
			dependencies = (
			);
			name = VideoSearchDemo;
			productName = VideoSearchDemo;
			productReference = 84DE09C01ED69EB20095FA0A /* VideoSearchDemo.app */;
			productType = "com.apple.product-type.application";
		};
		84DE09D61ED69EB30095FA0A /* VideoSearchDemoTests */ = {
			isa = PBXNativeTarget;
			buildConfigurationList = 84DE09EE1ED69EB30095FA0A /* Build configuration list for PBXNativeTarget "VideoSearchDemoTests" */;
			buildPhases = (
				84DE09D31ED69EB30095FA0A /* Sources */,
				84DE09D41ED69EB30095FA0A /* Frameworks */,
				84DE09D51ED69EB30095FA0A /* Resources */,
			);
			buildRules = (
			);
			dependencies = (
				84DE09D91ED69EB30095FA0A /* PBXTargetDependency */,
			);
			name = VideoSearchDemoTests;
			productName = VideoSearchDemoTests;
			productReference = 84DE09D71ED69EB30095FA0A /* VideoSearchDemoTests.xctest */;
			productType = "com.apple.product-type.bundle.unit-test";
		};
		84DE09E11ED69EB30095FA0A /* VideoSearchDemoUITests */ = {
			isa = PBXNativeTarget;
			buildConfigurationList = 84DE09F11ED69EB30095FA0A /* Build configuration list for PBXNativeTarget "VideoSearchDemoUITests" */;
			buildPhases = (
				84DE09DE1ED69EB30095FA0A /* Sources */,
				84DE09DF1ED69EB30095FA0A /* Frameworks */,
				84DE09E01ED69EB30095FA0A /* Resources */,
			);
			buildRules = (
			);
			dependencies = (
				84DE09E41ED69EB30095FA0A /* PBXTargetDependency */,
			);
			name = VideoSearchDemoUITests;
			productName = VideoSearchDemoUITests;
			productReference = 84DE09E21ED69EB30095FA0A /* VideoSearchDemoUITests.xctest */;
			productType = "com.apple.product-type.bundle.ui-testing";
		};
/* End PBXNativeTarget section */

/* Begin PBXProject section */
		84DE09B81ED69EB20095FA0A /* Project object */ = {
			isa = PBXProject;
			attributes = {
				LastSwiftUpdateCheck = 0830;
				LastUpgradeCheck = 0830;
				ORGANIZATIONNAME = ntdhat;
				TargetAttributes = {
					84DE09BF1ED69EB20095FA0A = {
						CreatedOnToolsVersion = 8.3.2;
						DevelopmentTeam = 5E3KLWFG27;
						ProvisioningStyle = Automatic;
					};
					84DE09D61ED69EB30095FA0A = {
						CreatedOnToolsVersion = 8.3.2;
						DevelopmentTeam = 5E3KLWFG27;
						ProvisioningStyle = Automatic;
						TestTargetID = 84DE09BF1ED69EB20095FA0A;
					};
					84DE09E11ED69EB30095FA0A = {
						CreatedOnToolsVersion = 8.3.2;
						DevelopmentTeam = 5E3KLWFG27;
						ProvisioningStyle = Automatic;
						TestTargetID = 84DE09BF1ED69EB20095FA0A;
					};
				};
			};
			buildConfigurationList = 84DE09BB1ED69EB20095FA0A /* Build configuration list for PBXProject "VideoSearchDemo" */;
			compatibilityVersion = "Xcode 3.2";
			developmentRegion = English;
			hasScannedForEncodings = 0;
			knownRegions = (
				en,
				Base,
			);
			mainGroup = 84DE09B71ED69EB20095FA0A;
			productRefGroup = 84DE09C11ED69EB20095FA0A /* Products */;
			projectDirPath = "";
			projectRoot = "";
			targets = (
				84DE09BF1ED69EB20095FA0A /* VideoSearchDemo */,
				84DE09D61ED69EB30095FA0A /* VideoSearchDemoTests */,
				84DE09E11ED69EB30095FA0A /* VideoSearchDemoUITests */,
			);
		};
/* End PBXProject section */

/* Begin PBXResourcesBuildPhase section */
		84DE09BE1ED69EB20095FA0A /* Resources */ = {
			isa = PBXResourcesBuildPhase;
			buildActionMask = 2147483647;
			files = (
				84DE09D11ED69EB20095FA0A /* LaunchScreen.storyboard in Resources */,
				84DE09CE1ED69EB20095FA0A /* Assets.xcassets in Resources */,
				84DE09C91ED69EB20095FA0A /* Main.storyboard in Resources */,
			);
			runOnlyForDeploymentPostprocessing = 0;
		};
		84DE09D51ED69EB30095FA0A /* Resources */ = {
			isa = PBXResourcesBuildPhase;
			buildActionMask = 2147483647;
			files = (
			);
			runOnlyForDeploymentPostprocessing = 0;
		};
		84DE09E01ED69EB30095FA0A /* Resources */ = {
			isa = PBXResourcesBuildPhase;
			buildActionMask = 2147483647;
			files = (
			);
			runOnlyForDeploymentPostprocessing = 0;
		};
/* End PBXResourcesBuildPhase section */

/* Begin PBXShellScriptBuildPhase section */
		0A9955A211C2FFF405FABC80 /* [CP] Embed Pods Frameworks */ = {
			isa = PBXShellScriptBuildPhase;
			buildActionMask = 2147483647;
			files = (
			);
			inputPaths = (
			);
			name = "[CP] Embed Pods Frameworks";
			outputPaths = (
			);
			runOnlyForDeploymentPostprocessing = 0;
			shellPath = /bin/sh;
			shellScript = "\"${SRCROOT}/Pods/Target Support Files/Pods-VideoSearchDemo/Pods-VideoSearchDemo-frameworks.sh\"\n";
			showEnvVarsInLog = 0;
		};
		1A826AC08719597E6A084426 /* [CP] Copy Pods Resources */ = {
			isa = PBXShellScriptBuildPhase;
			buildActionMask = 2147483647;
			files = (
			);
			inputPaths = (
			);
			name = "[CP] Copy Pods Resources";
			outputPaths = (
			);
			runOnlyForDeploymentPostprocessing = 0;
			shellPath = /bin/sh;
			shellScript = "\"${SRCROOT}/Pods/Target Support Files/Pods-VideoSearchDemo/Pods-VideoSearchDemo-resources.sh\"\n";
			showEnvVarsInLog = 0;
		};
		6365AAE92310D63298205820 /* [CP] Check Pods Manifest.lock */ = {
			isa = PBXShellScriptBuildPhase;
			buildActionMask = 2147483647;
			files = (
			);
			inputPaths = (
			);
			name = "[CP] Check Pods Manifest.lock";
			outputPaths = (
			);
			runOnlyForDeploymentPostprocessing = 0;
			shellPath = /bin/sh;
			shellScript = "diff \"${PODS_PODFILE_DIR_PATH}/Podfile.lock\" \"${PODS_ROOT}/Manifest.lock\" > /dev/null\nif [ $? != 0 ] ; then\n    # print error to STDERR\n    echo \"error: The sandbox is not in sync with the Podfile.lock. Run 'pod install' or update your CocoaPods installation.\" >&2\n    exit 1\nfi\n";
			showEnvVarsInLog = 0;
		};
/* End PBXShellScriptBuildPhase section */

/* Begin PBXSourcesBuildPhase section */
		84DE09BC1ED69EB20095FA0A /* Sources */ = {
			isa = PBXSourcesBuildPhase;
			buildActionMask = 2147483647;
			files = (
				84DE09FA1ED69F650095FA0A /* VideoSearchViewController.swift in Sources */,
				84DE09C41ED69EB20095FA0A /* AppDelegate.swift in Sources */,
				84DE09F81ED69F650095FA0A /* VideoModel.swift in Sources */,
				84DE09FF1ED6E8990095FA0A /* VideoDetailViewController.swift in Sources */,
				84DE09F91ED69F650095FA0A /* VideoSearchResultCell.swift in Sources */,
				84DE09FB1ED69F650095FA0A /* VideoViewModel.swift in Sources */,
				84DE09FD1ED6BE020095FA0A /* MovieDBClient.swift in Sources */,
				84DE09CC1ED69EB20095FA0A /* VideoSearchDemo.xcdatamodeld in Sources */,
			);
			runOnlyForDeploymentPostprocessing = 0;
		};
		84DE09D31ED69EB30095FA0A /* Sources */ = {
			isa = PBXSourcesBuildPhase;
			buildActionMask = 2147483647;
			files = (
				84DE09DC1ED69EB30095FA0A /* VideoSearchDemoTests.swift in Sources */,
			);
			runOnlyForDeploymentPostprocessing = 0;
		};
		84DE09DE1ED69EB30095FA0A /* Sources */ = {
			isa = PBXSourcesBuildPhase;
			buildActionMask = 2147483647;
			files = (
				84DE09E71ED69EB30095FA0A /* VideoSearchDemoUITests.swift in Sources */,
			);
			runOnlyForDeploymentPostprocessing = 0;
		};
/* End PBXSourcesBuildPhase section */

/* Begin PBXTargetDependency section */
		84DE09D91ED69EB30095FA0A /* PBXTargetDependency */ = {
			isa = PBXTargetDependency;
			target = 84DE09BF1ED69EB20095FA0A /* VideoSearchDemo */;
			targetProxy = 84DE09D81ED69EB30095FA0A /* PBXContainerItemProxy */;
		};
		84DE09E41ED69EB30095FA0A /* PBXTargetDependency */ = {
			isa = PBXTargetDependency;
			target = 84DE09BF1ED69EB20095FA0A /* VideoSearchDemo */;
			targetProxy = 84DE09E31ED69EB30095FA0A /* PBXContainerItemProxy */;
		};
/* End PBXTargetDependency section */

/* Begin PBXVariantGroup section */
		84DE09C71ED69EB20095FA0A /* Main.storyboard */ = {
			isa = PBXVariantGroup;
			children = (
				84DE09C81ED69EB20095FA0A /* Base */,
			);
			name = Main.storyboard;
			sourceTree = "<group>";
		};
		84DE09CF1ED69EB20095FA0A /* LaunchScreen.storyboard */ = {
			isa = PBXVariantGroup;
			children = (
				84DE09D01ED69EB20095FA0A /* Base */,
			);
			name = LaunchScreen.storyboard;
			sourceTree = "<group>";
		};
/* End PBXVariantGroup section */

/* Begin XCBuildConfiguration section */
		84DE09E91ED69EB30095FA0A /* Debug */ = {
			isa = XCBuildConfiguration;
			buildSettings = {
				ALWAYS_SEARCH_USER_PATHS = NO;
				CLANG_ANALYZER_NONNULL = YES;
				CLANG_ANALYZER_NUMBER_OBJECT_CONVERSION = YES_AGGRESSIVE;
				CLANG_CXX_LANGUAGE_STANDARD = "gnu++0x";
				CLANG_CXX_LIBRARY = "libc++";
				CLANG_ENABLE_MODULES = YES;
				CLANG_ENABLE_OBJC_ARC = YES;
				CLANG_WARN_BOOL_CONVERSION = YES;
				CLANG_WARN_CONSTANT_CONVERSION = YES;
				CLANG_WARN_DIRECT_OBJC_ISA_USAGE = YES_ERROR;
				CLANG_WARN_DOCUMENTATION_COMMENTS = YES;
				CLANG_WARN_EMPTY_BODY = YES;
				CLANG_WARN_ENUM_CONVERSION = YES;
				CLANG_WARN_INFINITE_RECURSION = YES;
				CLANG_WARN_INT_CONVERSION = YES;
				CLANG_WARN_OBJC_ROOT_CLASS = YES_ERROR;
				CLANG_WARN_SUSPICIOUS_MOVE = YES;
				CLANG_WARN_UNREACHABLE_CODE = YES;
				CLANG_WARN__DUPLICATE_METHOD_MATCH = YES;
				"CODE_SIGN_IDENTITY[sdk=iphoneos*]" = "iPhone Developer";
				COPY_PHASE_STRIP = NO;
				DEBUG_INFORMATION_FORMAT = dwarf;
				ENABLE_STRICT_OBJC_MSGSEND = YES;
				ENABLE_TESTABILITY = YES;
				GCC_C_LANGUAGE_STANDARD = gnu99;
				GCC_DYNAMIC_NO_PIC = NO;
				GCC_NO_COMMON_BLOCKS = YES;
				GCC_OPTIMIZATION_LEVEL = 0;
				GCC_PREPROCESSOR_DEFINITIONS = (
					"DEBUG=1",
					"$(inherited)",
				);
				GCC_WARN_64_TO_32_BIT_CONVERSION = YES;
				GCC_WARN_ABOUT_RETURN_TYPE = YES_ERROR;
				GCC_WARN_UNDECLARED_SELECTOR = YES;
				GCC_WARN_UNINITIALIZED_AUTOS = YES_AGGRESSIVE;
				GCC_WARN_UNUSED_FUNCTION = YES;
				GCC_WARN_UNUSED_VARIABLE = YES;
				IPHONEOS_DEPLOYMENT_TARGET = 10.3;
				MTL_ENABLE_DEBUG_INFO = YES;
				ONLY_ACTIVE_ARCH = YES;
				SDKROOT = iphoneos;
				SWIFT_ACTIVE_COMPILATION_CONDITIONS = DEBUG;
				SWIFT_OPTIMIZATION_LEVEL = "-Onone";
				TARGETED_DEVICE_FAMILY = "1,2";
			};
			name = Debug;
		};
		84DE09EA1ED69EB30095FA0A /* Release */ = {
			isa = XCBuildConfiguration;
			buildSettings = {
				ALWAYS_SEARCH_USER_PATHS = NO;
				CLANG_ANALYZER_NONNULL = YES;
				CLANG_ANALYZER_NUMBER_OBJECT_CONVERSION = YES_AGGRESSIVE;
				CLANG_CXX_LANGUAGE_STANDARD = "gnu++0x";
				CLANG_CXX_LIBRARY = "libc++";
				CLANG_ENABLE_MODULES = YES;
				CLANG_ENABLE_OBJC_ARC = YES;
				CLANG_WARN_BOOL_CONVERSION = YES;
				CLANG_WARN_CONSTANT_CONVERSION = YES;
				CLANG_WARN_DIRECT_OBJC_ISA_USAGE = YES_ERROR;
				CLANG_WARN_DOCUMENTATION_COMMENTS = YES;
				CLANG_WARN_EMPTY_BODY = YES;
				CLANG_WARN_ENUM_CONVERSION = YES;
				CLANG_WARN_INFINITE_RECURSION = YES;
				CLANG_WARN_INT_CONVERSION = YES;
				CLANG_WARN_OBJC_ROOT_CLASS = YES_ERROR;
				CLANG_WARN_SUSPICIOUS_MOVE = YES;
				CLANG_WARN_UNREACHABLE_CODE = YES;
				CLANG_WARN__DUPLICATE_METHOD_MATCH = YES;
				"CODE_SIGN_IDENTITY[sdk=iphoneos*]" = "iPhone Developer";
				COPY_PHASE_STRIP = NO;
				DEBUG_INFORMATION_FORMAT = "dwarf-with-dsym";
				ENABLE_NS_ASSERTIONS = NO;
				ENABLE_STRICT_OBJC_MSGSEND = YES;
				GCC_C_LANGUAGE_STANDARD = gnu99;
				GCC_NO_COMMON_BLOCKS = YES;
				GCC_WARN_64_TO_32_BIT_CONVERSION = YES;
				GCC_WARN_ABOUT_RETURN_TYPE = YES_ERROR;
				GCC_WARN_UNDECLARED_SELECTOR = YES;
				GCC_WARN_UNINITIALIZED_AUTOS = YES_AGGRESSIVE;
				GCC_WARN_UNUSED_FUNCTION = YES;
				GCC_WARN_UNUSED_VARIABLE = YES;
				IPHONEOS_DEPLOYMENT_TARGET = 10.3;
				MTL_ENABLE_DEBUG_INFO = NO;
				SDKROOT = iphoneos;
				SWIFT_OPTIMIZATION_LEVEL = "-Owholemodule";
				TARGETED_DEVICE_FAMILY = "1,2";
				VALIDATE_PRODUCT = YES;
			};
			name = Release;
		};
		84DE09EC1ED69EB30095FA0A /* Debug */ = {
			isa = XCBuildConfiguration;
			baseConfigurationReference = 5AF723B8CB3A78781E1E71E6 /* Pods-VideoSearchDemo.debug.xcconfig */;
			buildSettings = {
				ASSETCATALOG_COMPILER_APPICON_NAME = AppIcon;
				DEVELOPMENT_TEAM = 5E3KLWFG27;
				INFOPLIST_FILE = VideoSearchDemo/Info.plist;
				LD_RUNPATH_SEARCH_PATHS = "$(inherited) @executable_path/Frameworks";
				PRODUCT_BUNDLE_IDENTIFIER = com.ntdhat.VideoSearchDemo;
				PRODUCT_NAME = "$(TARGET_NAME)";
				SWIFT_VERSION = 3.0;
			};
			name = Debug;
		};
		84DE09ED1ED69EB30095FA0A /* Release */ = {
			isa = XCBuildConfiguration;
			baseConfigurationReference = 1AC8ADCF67E4A12324A7863A /* Pods-VideoSearchDemo.release.xcconfig */;
			buildSettings = {
				ASSETCATALOG_COMPILER_APPICON_NAME = AppIcon;
				DEVELOPMENT_TEAM = 5E3KLWFG27;
				INFOPLIST_FILE = VideoSearchDemo/Info.plist;
				LD_RUNPATH_SEARCH_PATHS = "$(inherited) @executable_path/Frameworks";
				PRODUCT_BUNDLE_IDENTIFIER = com.ntdhat.VideoSearchDemo;
				PRODUCT_NAME = "$(TARGET_NAME)";
				SWIFT_VERSION = 3.0;
			};
			name = Release;
		};
		84DE09EF1ED69EB30095FA0A /* Debug */ = {
			isa = XCBuildConfiguration;
			buildSettings = {
				ALWAYS_EMBED_SWIFT_STANDARD_LIBRARIES = YES;
				BUNDLE_LOADER = "$(TEST_HOST)";
				DEVELOPMENT_TEAM = 5E3KLWFG27;
				INFOPLIST_FILE = VideoSearchDemoTests/Info.plist;
				LD_RUNPATH_SEARCH_PATHS = "$(inherited) @executable_path/Frameworks @loader_path/Frameworks";
				PRODUCT_BUNDLE_IDENTIFIER = com.ntdhat.VideoSearchDemoTests;
				PRODUCT_NAME = "$(TARGET_NAME)";
				SWIFT_VERSION = 3.0;
				TEST_HOST = "$(BUILT_PRODUCTS_DIR)/VideoSearchDemo.app/VideoSearchDemo";
			};
			name = Debug;
		};
		84DE09F01ED69EB30095FA0A /* Release */ = {
			isa = XCBuildConfiguration;
			buildSettings = {
				ALWAYS_EMBED_SWIFT_STANDARD_LIBRARIES = YES;
				BUNDLE_LOADER = "$(TEST_HOST)";
				DEVELOPMENT_TEAM = 5E3KLWFG27;
				INFOPLIST_FILE = VideoSearchDemoTests/Info.plist;
				LD_RUNPATH_SEARCH_PATHS = "$(inherited) @executable_path/Frameworks @loader_path/Frameworks";
				PRODUCT_BUNDLE_IDENTIFIER = com.ntdhat.VideoSearchDemoTests;
				PRODUCT_NAME = "$(TARGET_NAME)";
				SWIFT_VERSION = 3.0;
				TEST_HOST = "$(BUILT_PRODUCTS_DIR)/VideoSearchDemo.app/VideoSearchDemo";
			};
			name = Release;
		};
		84DE09F21ED69EB30095FA0A /* Debug */ = {
			isa = XCBuildConfiguration;
			buildSettings = {
				ALWAYS_EMBED_SWIFT_STANDARD_LIBRARIES = YES;
				DEVELOPMENT_TEAM = 5E3KLWFG27;
				INFOPLIST_FILE = VideoSearchDemoUITests/Info.plist;
				LD_RUNPATH_SEARCH_PATHS = "$(inherited) @executable_path/Frameworks @loader_path/Frameworks";
				PRODUCT_BUNDLE_IDENTIFIER = com.ntdhat.VideoSearchDemoUITests;
				PRODUCT_NAME = "$(TARGET_NAME)";
				SWIFT_VERSION = 3.0;
				TEST_TARGET_NAME = VideoSearchDemo;
			};
			name = Debug;
		};
		84DE09F31ED69EB30095FA0A /* Release */ = {
			isa = XCBuildConfiguration;
			buildSettings = {
				ALWAYS_EMBED_SWIFT_STANDARD_LIBRARIES = YES;
				DEVELOPMENT_TEAM = 5E3KLWFG27;
				INFOPLIST_FILE = VideoSearchDemoUITests/Info.plist;
				LD_RUNPATH_SEARCH_PATHS = "$(inherited) @executable_path/Frameworks @loader_path/Frameworks";
				PRODUCT_BUNDLE_IDENTIFIER = com.ntdhat.VideoSearchDemoUITests;
				PRODUCT_NAME = "$(TARGET_NAME)";
				SWIFT_VERSION = 3.0;
				TEST_TARGET_NAME = VideoSearchDemo;
			};
			name = Release;
		};
/* End XCBuildConfiguration section */

/* Begin XCConfigurationList section */
		84DE09BB1ED69EB20095FA0A /* Build configuration list for PBXProject "VideoSearchDemo" */ = {
			isa = XCConfigurationList;
			buildConfigurations = (
				84DE09E91ED69EB30095FA0A /* Debug */,
				84DE09EA1ED69EB30095FA0A /* Release */,
			);
			defaultConfigurationIsVisible = 0;
			defaultConfigurationName = Release;
		};
		84DE09EB1ED69EB30095FA0A /* Build configuration list for PBXNativeTarget "VideoSearchDemo" */ = {
			isa = XCConfigurationList;
			buildConfigurations = (
				84DE09EC1ED69EB30095FA0A /* Debug */,
				84DE09ED1ED69EB30095FA0A /* Release */,
			);
			defaultConfigurationIsVisible = 0;
			defaultConfigurationName = Release;
		};
		84DE09EE1ED69EB30095FA0A /* Build configuration list for PBXNativeTarget "VideoSearchDemoTests" */ = {
			isa = XCConfigurationList;
			buildConfigurations = (
				84DE09EF1ED69EB30095FA0A /* Debug */,
				84DE09F01ED69EB30095FA0A /* Release */,
			);
			defaultConfigurationIsVisible = 0;
			defaultConfigurationName = Release;
		};
		84DE09F11ED69EB30095FA0A /* Build configuration list for PBXNativeTarget "VideoSearchDemoUITests" */ = {
			isa = XCConfigurationList;
			buildConfigurations = (
				84DE09F21ED69EB30095FA0A /* Debug */,
				84DE09F31ED69EB30095FA0A /* Release */,
			);
			defaultConfigurationIsVisible = 0;
			defaultConfigurationName = Release;
		};
/* End XCConfigurationList section */

/* Begin XCVersionGroup section */
		84DE09CA1ED69EB20095FA0A /* VideoSearchDemo.xcdatamodeld */ = {
			isa = XCVersionGroup;
			children = (
				84DE09CB1ED69EB20095FA0A /* VideoSearchDemo.xcdatamodel */,
			);
			currentVersion = 84DE09CB1ED69EB20095FA0A /* VideoSearchDemo.xcdatamodel */;
			path = VideoSearchDemo.xcdatamodeld;
			sourceTree = "<group>";
			versionGroupType = wrapper.xcdatamodel;
		};
/* End XCVersionGroup section */
	};
	rootObject = 84DE09B81ED69EB20095FA0A /* Project object */;
}
